
Microsoft Visual Studio Solution File, Format Version 12.00
Project("{FAE04EC0-301F-11D3-BF4B-00C04F79EFBC}") = "BibliotecaPessoal.BackEnd", "BibliotecaPessoal.BackEnd\BibliotecaPessoal.BackEnd.csproj", "{8D3DD504-2A62-474D-B610-91B2BDE40962}"
EndProject
Project("{2150E333-8FDC-42A3-9474-1A3956D46DE8}") = "Solution Items", "Solution Items", "{0158D445-6B6A-41B5-935B-DCC0906E5596}"
	ProjectSection(SolutionItems) = preProject
		compose.yaml = compose.yaml
	EndProjectSection
EndProject
Global
	GlobalSection(SolutionConfigurationPlatforms) = preSolution
		Debug|Any CPU = Debug|Any CPU
		Release|Any CPU = Release|Any CPU
	EndGlobalSection
	GlobalSection(ProjectConfigurationPlatforms) = postSolution
		{8D3DD504-2A62-474D-B610-91B2BDE40962}.Debug|Any CPU.ActiveCfg = Debug|Any CPU
		{8D3DD504-2A62-474D-B610-91B2BDE40962}.Debug|Any CPU.Build.0 = Debug|Any CPU
		{8D3DD504-2A62-474D-B610-91B2BDE40962}.Release|Any CPU.ActiveCfg = Release|Any CPU
		{8D3DD504-2A62-474D-B610-91B2BDE40962}.Release|Any CPU.Build.0 = Release|Any CPU
	EndGlobalSection
EndGlobal
